
Microsoft Visual Studio Solution File, Format Version 12.00
# Visual Studio Version 17
VisualStudioVersion = 17.13.35825.156 d17.13
MinimumVisualStudioVersion = 10.0.40219.1
Project("{FAE04EC0-301F-11D3-BF4B-00C04F79EFBC}") = "ZaiEats", "ZaiEats.csproj", "{00E0F612-5D28-16E7-1013-CD2BA44CE10C}"
EndProject
Global
	GlobalSection(SolutionConfigurationPlatforms) = preSolution
		Debug|Any CPU = Debug|Any CPU
		Release|Any CPU = Release|Any CPU
	EndGlobalSection
	GlobalSection(ProjectConfigurationPlatforms) = postSolution
		{00E0F612-5D28-16E7-1013-CD2BA44CE10C}.Debug|Any CPU.ActiveCfg = Debug|Any CPU
		{00E0F612-5D28-16E7-1013-CD2BA44CE10C}.Debug|Any CPU.Build.0 = Debug|Any CPU
		{00E0F612-5D28-16E7-1013-CD2BA44CE10C}.Release|Any CPU.ActiveCfg = Release|Any CPU
		{00E0F612-5D28-16E7-1013-CD2BA44CE10C}.Release|Any CPU.Build.0 = Release|Any CPU
	EndGlobalSection
	GlobalSection(SolutionProperties) = preSolution
		HideSolutionNode = FALSE
	EndGlobalSection
	GlobalSection(ExtensibilityGlobals) = postSolution
		SolutionGuid = {0B7FF820-42E1-45D9-85A4-0C1ADC45A0DD}
	EndGlobalSection
EndGlobal
